
Microsoft Visual Studio Solution File, Format Version 12.00
# Visual Studio Version 17
VisualStudioVersion = 17.1.32228.430
MinimumVisualStudioVersion = 10.0.40219.1
Project("{FAE04EC0-301F-11D3-BF4B-00C04F79EFBC}") = "ContactsManagement", "ContactsManagement\ContactsManagement.csproj", "{EFAF0D86-9CD4-499C-B8EC-F4D4B699F07A}"
EndProject
Global
	GlobalSection(SolutionConfigurationPlatforms) = preSolution
		Debug|Any CPU = Debug|Any CPU
		Release|Any CPU = Release|Any CPU
	EndGlobalSection
	GlobalSection(ProjectConfigurationPlatforms) = postSolution
		{EFAF0D86-9CD4-499C-B8EC-F4D4B699F07A}.Debug|Any CPU.ActiveCfg = Debug|Any CPU
		{EFAF0D86-9CD4-499C-B8EC-F4D4B699F07A}.Debug|Any CPU.Build.0 = Debug|Any CPU
		{EFAF0D86-9CD4-499C-B8EC-F4D4B699F07A}.Release|Any CPU.ActiveCfg = Release|Any CPU
		{EFAF0D86-9CD4-499C-B8EC-F4D4B699F07A}.Release|Any CPU.Build.0 = Release|Any CPU
	EndGlobalSection
	GlobalSection(SolutionProperties) = preSolution
		HideSolutionNode = FALSE
	EndGlobalSection
	GlobalSection(ExtensibilityGlobals) = postSolution
		SolutionGuid = {D35080B8-D441-4BCF-84FF-657EC4A816A8}
	EndGlobalSection
EndGlobal
